
Microsoft Visual Studio Solution File, Format Version 12.00
# Visual Studio Version 16
VisualStudioVersion = 16.0.30523.141
MinimumVisualStudioVersion = 10.0.40219.1
Project("{FAE04EC0-301F-11D3-BF4B-00C04F79EFBC}") = "TestImpactAnalysis.GitApi", "TestImpactAnalysis.GitApi\TestImpactAnalysis.GitApi.csproj", "{36EF59E0-6151-4A52-BA48-801A8010F778}"
EndProject
Project("{FAE04EC0-301F-11D3-BF4B-00C04F79EFBC}") = "TestImpactAnalysis.GitApiTests", "TestImpactAnalysis.GitApiTests\TestImpactAnalysis.GitApiTests.csproj", "{05467AF4-29EB-400A-9F07-45F60702C8EE}"
EndProject
Global
	GlobalSection(SolutionConfigurationPlatforms) = preSolution
		Debug|Any CPU = Debug|Any CPU
		Release|Any CPU = Release|Any CPU
	EndGlobalSection
	GlobalSection(ProjectConfigurationPlatforms) = postSolution
		{36EF59E0-6151-4A52-BA48-801A8010F778}.Debug|Any CPU.ActiveCfg = Debug|Any CPU
		{36EF59E0-6151-4A52-BA48-801A8010F778}.Debug|Any CPU.Build.0 = Debug|Any CPU
		{36EF59E0-6151-4A52-BA48-801A8010F778}.Release|Any CPU.ActiveCfg = Release|Any CPU
		{36EF59E0-6151-4A52-BA48-801A8010F778}.Release|Any CPU.Build.0 = Release|Any CPU
		{05467AF4-29EB-400A-9F07-45F60702C8EE}.Debug|Any CPU.ActiveCfg = Debug|Any CPU
		{05467AF4-29EB-400A-9F07-45F60702C8EE}.Debug|Any CPU.Build.0 = Debug|Any CPU
		{05467AF4-29EB-400A-9F07-45F60702C8EE}.Release|Any CPU.ActiveCfg = Release|Any CPU
		{05467AF4-29EB-400A-9F07-45F60702C8EE}.Release|Any CPU.Build.0 = Release|Any CPU
	EndGlobalSection
	GlobalSection(SolutionProperties) = preSolution
		HideSolutionNode = FALSE
	EndGlobalSection
	GlobalSection(ExtensibilityGlobals) = postSolution
		SolutionGuid = {76A11C78-62E4-4527-A98D-99594F9663C0}
	EndGlobalSection
EndGlobal
